
Microsoft Visual Studio Solution File, Format Version 12.00
# Visual Studio Version 17
VisualStudioVersion = 17.14.36327.8
MinimumVisualStudioVersion = 10.0.40219.1
Project("{8BC9CEB8-8B4A-11D0-8D11-00A0C91BC942}") = "ffmpegWin64", "ffmpeg\ffmpeg.vcxproj", "{58D7ADC1-991D-47AB-BE48-2EB96537717C}"
EndProject
Project("{8BC9CEB8-8B4A-11D0-8D11-00A0C91BC942}") = "MFCFFMPEG", "MFCFFMPEG\MFCFFMPEG.vcxproj", "{BEBCBBAC-4E3C-9C6F-286E-EE07BB390DFA}"
	ProjectSection(ProjectDependencies) = postProject
		{7D309857-B432-4F81-806B-AD9DC068179F} = {7D309857-B432-4F81-806B-AD9DC068179F}
	EndProjectSection
EndProject
Project("{8BC9CEB8-8B4A-11D0-8D11-00A0C91BC942}") = "FFWrapper", "FFWrapper\FFWrapper.vcxproj", "{7D309857-B432-4F81-806B-AD9DC068179F}"
EndProject
Project("{8BC9CEB8-8B4A-11D0-8D11-00A0C91BC942}") = "audio_video_record", "audio_video_record\audio_video_record.vcxproj", "{D7E6B55F-FC99-4732-BAA7-C0647E78B459}"
	ProjectSection(ProjectDependencies) = postProject
		{7D309857-B432-4F81-806B-AD9DC068179F} = {7D309857-B432-4F81-806B-AD9DC068179F}
	EndProjectSection
EndProject
Project("{8BC9CEB8-8B4A-11D0-8D11-00A0C91BC942}") = "udp_server", "udp_server\udp_server.vcxproj", "{4C93FEB7-4B46-442A-AF00-9AEF3EE16705}"
EndProject
Global
	GlobalSection(SolutionConfigurationPlatforms) = preSolution
		Debug|x64 = Debug|x64
		Debug|x86 = Debug|x86
		Release|x64 = Release|x64
		Release|x86 = Release|x86
	EndGlobalSection
	GlobalSection(ProjectConfigurationPlatforms) = postSolution
		{58D7ADC1-991D-47AB-BE48-2EB96537717C}.Debug|x64.ActiveCfg = Debug|x64
		{58D7ADC1-991D-47AB-BE48-2EB96537717C}.Debug|x64.Build.0 = Debug|x64
		{58D7ADC1-991D-47AB-BE48-2EB96537717C}.Debug|x86.ActiveCfg = Debug|Win32
		{58D7ADC1-991D-47AB-BE48-2EB96537717C}.Debug|x86.Build.0 = Debug|Win32
		{58D7ADC1-991D-47AB-BE48-2EB96537717C}.Release|x64.ActiveCfg = Release|x64
		{58D7ADC1-991D-47AB-BE48-2EB96537717C}.Release|x64.Build.0 = Release|x64
		{58D7ADC1-991D-47AB-BE48-2EB96537717C}.Release|x86.ActiveCfg = Release|Win32
		{58D7ADC1-991D-47AB-BE48-2EB96537717C}.Release|x86.Build.0 = Release|Win32
		{BEBCBBAC-4E3C-9C6F-286E-EE07BB390DFA}.Debug|x64.ActiveCfg = Debug|x64
		{BEBCBBAC-4E3C-9C6F-286E-EE07BB390DFA}.Debug|x64.Build.0 = Debug|x64
		{BEBCBBAC-4E3C-9C6F-286E-EE07BB390DFA}.Debug|x86.ActiveCfg = Debug|Win32
		{BEBCBBAC-4E3C-9C6F-286E-EE07BB390DFA}.Debug|x86.Build.0 = Debug|Win32
		{BEBCBBAC-4E3C-9C6F-286E-EE07BB390DFA}.Release|x64.ActiveCfg = Release|x64
		{BEBCBBAC-4E3C-9C6F-286E-EE07BB390DFA}.Release|x64.Build.0 = Release|x64
		{BEBCBBAC-4E3C-9C6F-286E-EE07BB390DFA}.Release|x86.ActiveCfg = Release|Win32
		{BEBCBBAC-4E3C-9C6F-286E-EE07BB390DFA}.Release|x86.Build.0 = Release|Win32
		{7D309857-B432-4F81-806B-AD9DC068179F}.Debug|x64.ActiveCfg = Debug|x64
		{7D309857-B432-4F81-806B-AD9DC068179F}.Debug|x64.Build.0 = Debug|x64
		{7D309857-B432-4F81-806B-AD9DC068179F}.Debug|x86.ActiveCfg = Debug|Win32
		{7D309857-B432-4F81-806B-AD9DC068179F}.Debug|x86.Build.0 = Debug|Win32
		{7D309857-B432-4F81-806B-AD9DC068179F}.Release|x64.ActiveCfg = Release|x64
		{7D309857-B432-4F81-806B-AD9DC068179F}.Release|x64.Build.0 = Release|x64
		{7D309857-B432-4F81-806B-AD9DC068179F}.Release|x86.ActiveCfg = Release|Win32
		{7D309857-B432-4F81-806B-AD9DC068179F}.Release|x86.Build.0 = Release|Win32
		{D7E6B55F-FC99-4732-BAA7-C0647E78B459}.Debug|x64.ActiveCfg = Debug|x64
		{D7E6B55F-FC99-4732-BAA7-C0647E78B459}.Debug|x64.Build.0 = Debug|x64
		{D7E6B55F-FC99-4732-BAA7-C0647E78B459}.Debug|x86.ActiveCfg = Debug|Win32
		{D7E6B55F-FC99-4732-BAA7-C0647E78B459}.Debug|x86.Build.0 = Debug|Win32
		{D7E6B55F-FC99-4732-BAA7-C0647E78B459}.Release|x64.ActiveCfg = Release|x64
		{D7E6B55F-FC99-4732-BAA7-C0647E78B459}.Release|x64.Build.0 = Release|x64
		{D7E6B55F-FC99-4732-BAA7-C0647E78B459}.Release|x86.ActiveCfg = Release|Win32
		{D7E6B55F-FC99-4732-BAA7-C0647E78B459}.Release|x86.Build.0 = Release|Win32
		{4C93FEB7-4B46-442A-AF00-9AEF3EE16705}.Debug|x64.ActiveCfg = Debug|x64
		{4C93FEB7-4B46-442A-AF00-9AEF3EE16705}.Debug|x64.Build.0 = Debug|x64
		{4C93FEB7-4B46-442A-AF00-9AEF3EE16705}.Debug|x86.ActiveCfg = Debug|Win32
		{4C93FEB7-4B46-442A-AF00-9AEF3EE16705}.Debug|x86.Build.0 = Debug|Win32
		{4C93FEB7-4B46-442A-AF00-9AEF3EE16705}.Release|x64.ActiveCfg = Release|x64
		{4C93FEB7-4B46-442A-AF00-9AEF3EE16705}.Release|x64.Build.0 = Release|x64
		{4C93FEB7-4B46-442A-AF00-9AEF3EE16705}.Release|x86.ActiveCfg = Release|Win32
		{4C93FEB7-4B46-442A-AF00-9AEF3EE16705}.Release|x86.Build.0 = Release|Win32
	EndGlobalSection
	GlobalSection(SolutionProperties) = preSolution
		HideSolutionNode = FALSE
	EndGlobalSection
	GlobalSection(ExtensibilityGlobals) = postSolution
		SolutionGuid = {EBFF2315-B006-4780-A6B2-3EBDD82480F6}
	EndGlobalSection
EndGlobal
